
Microsoft Visual Studio Solution File, Format Version 12.00
# Visual Studio Version 16
VisualStudioVersion = 16.0.29001.49
MinimumVisualStudioVersion = 10.0.40219.1
Project("{FAE04EC0-301F-11D3-BF4B-00C04F79EFBC}") = "Beisbol", "Beisbol\Beisbol.csproj", "{F134979C-E9BE-445F-AFC7-EBCE13495A2C}"
EndProject
Global
	GlobalSection(SolutionConfigurationPlatforms) = preSolution
		Debug|Any CPU = Debug|Any CPU
		Release|Any CPU = Release|Any CPU
	EndGlobalSection
	GlobalSection(ProjectConfigurationPlatforms) = postSolution
		{F134979C-E9BE-445F-AFC7-EBCE13495A2C}.Debug|Any CPU.ActiveCfg = Debug|Any CPU
		{F134979C-E9BE-445F-AFC7-EBCE13495A2C}.Debug|Any CPU.Build.0 = Debug|Any CPU
		{F134979C-E9BE-445F-AFC7-EBCE13495A2C}.Release|Any CPU.ActiveCfg = Release|Any CPU
		{F134979C-E9BE-445F-AFC7-EBCE13495A2C}.Release|Any CPU.Build.0 = Release|Any CPU
	EndGlobalSection
	GlobalSection(SolutionProperties) = preSolution
		HideSolutionNode = FALSE
	EndGlobalSection
	GlobalSection(ExtensibilityGlobals) = postSolution
		SolutionGuid = {55A3956E-BA6F-4BA6-B0C1-99AEC76618F3}
	EndGlobalSection
EndGlobal
